
Microsoft Visual Studio Solution File, Format Version 12.00
# Visual Studio Version 16
VisualStudioVersion = 16.0.30114.105
MinimumVisualStudioVersion = 10.0.40219.1
Project("{FAE04EC0-301F-11D3-BF4B-00C04F79EFBC}") = "estoqueOO", "estoqueOO.csproj", "{55F760B7-A6B6-413E-97CF-3BD59823EE83}"
EndProject
Global
	GlobalSection(SolutionConfigurationPlatforms) = preSolution
		Debug|Any CPU = Debug|Any CPU
		Release|Any CPU = Release|Any CPU
	EndGlobalSection
	GlobalSection(ProjectConfigurationPlatforms) = postSolution
		{55F760B7-A6B6-413E-97CF-3BD59823EE83}.Debug|Any CPU.ActiveCfg = Debug|Any CPU
		{55F760B7-A6B6-413E-97CF-3BD59823EE83}.Debug|Any CPU.Build.0 = Debug|Any CPU
		{55F760B7-A6B6-413E-97CF-3BD59823EE83}.Release|Any CPU.ActiveCfg = Release|Any CPU
		{55F760B7-A6B6-413E-97CF-3BD59823EE83}.Release|Any CPU.Build.0 = Release|Any CPU
	EndGlobalSection
	GlobalSection(SolutionProperties) = preSolution
		HideSolutionNode = FALSE
	EndGlobalSection
	GlobalSection(ExtensibilityGlobals) = postSolution
		SolutionGuid = {E2ADB911-8AF4-48AB-8D8D-A361BD2168B6}
	EndGlobalSection
EndGlobal
